Microsoft Visual Studio Solution File, Format Version 12.00
# Visual Studio Version 17
VisualStudioVersion = 17.5.2.0
MinimumVisualStudioVersion = 10.0.40219.1
Project("{FAE04EC0-301F-11D3-BF4B-00C04F79EFBC}") = "LonserviceMonitoring", "LonserviceMonitoring.csproj", "{431954EB-0453-81DC-13D3-FE3D97E0E52A}"
EndProject
Global
	GlobalSection(SolutionConfigurationPlatforms) = preSolution
		Debug|Any CPU = Debug|Any CPU
		Release|Any CPU = Release|Any CPU
	EndGlobalSection
	GlobalSection(ProjectConfigurationPlatforms) = postSolution
		{431954EB-0453-81DC-13D3-FE3D97E0E52A}.Debug|Any CPU.ActiveCfg = Debug|Any CPU
		{431954EB-0453-81DC-13D3-FE3D97E0E52A}.Debug|Any CPU.Build.0 = Debug|Any CPU
		{431954EB-0453-81DC-13D3-FE3D97E0E52A}.Release|Any CPU.ActiveCfg = Release|Any CPU
		{431954EB-0453-81DC-13D3-FE3D97E0E52A}.Release|Any CPU.Build.0 = Release|Any CPU
	EndGlobalSection
	GlobalSection(SolutionProperties) = preSolution
		HideSolutionNode = FALSE
	EndGlobalSection
	GlobalSection(ExtensibilityGlobals) = postSolution
		SolutionGuid = {E416C3A7-B13B-4315-809D-B4BD91D5324A}
	EndGlobalSection
EndGlobal
